
Microsoft Visual Studio Solution File, Format Version 12.00
# Visual Studio Version 16
VisualStudioVersion = 16.0.30517.126
MinimumVisualStudioVersion = 10.0.40219.1
Project("{9A19103F-16F7-4668-BE54-9A1E7A4F7556}") = "FileSystem", "FileSystem\FileSystem.csproj", "{2B8DE5F0-B82E-4B7C-B7D4-078FBA2A1ED5}"
EndProject
Project("{9A19103F-16F7-4668-BE54-9A1E7A4F7556}") = "FileCreate", "FileCreate\FileCreate.csproj", "{F3DF5B66-64DF-4015-8660-88F91585CAF4}"
EndProject
Project("{FAE04EC0-301F-11D3-BF4B-00C04F79EFBC}") = "Lists", "Lists\Lists.csproj", "{091CB4C6-E3FF-4A16-A2FA-D142D181E5B5}"
EndProject
Global
	GlobalSection(SolutionConfigurationPlatforms) = preSolution
		Debug|Any CPU = Debug|Any CPU
		Release|Any CPU = Release|Any CPU
	EndGlobalSection
	GlobalSection(ProjectConfigurationPlatforms) = postSolution
		{2B8DE5F0-B82E-4B7C-B7D4-078FBA2A1ED5}.Debug|Any CPU.ActiveCfg = Debug|Any CPU
		{2B8DE5F0-B82E-4B7C-B7D4-078FBA2A1ED5}.Debug|Any CPU.Build.0 = Debug|Any CPU
		{2B8DE5F0-B82E-4B7C-B7D4-078FBA2A1ED5}.Release|Any CPU.ActiveCfg = Release|Any CPU
		{2B8DE5F0-B82E-4B7C-B7D4-078FBA2A1ED5}.Release|Any CPU.Build.0 = Release|Any CPU
		{F3DF5B66-64DF-4015-8660-88F91585CAF4}.Debug|Any CPU.ActiveCfg = Debug|Any CPU
		{F3DF5B66-64DF-4015-8660-88F91585CAF4}.Debug|Any CPU.Build.0 = Debug|Any CPU
		{F3DF5B66-64DF-4015-8660-88F91585CAF4}.Release|Any CPU.ActiveCfg = Release|Any CPU
		{F3DF5B66-64DF-4015-8660-88F91585CAF4}.Release|Any CPU.Build.0 = Release|Any CPU
		{091CB4C6-E3FF-4A16-A2FA-D142D181E5B5}.Debug|Any CPU.ActiveCfg = Debug|Any CPU
		{091CB4C6-E3FF-4A16-A2FA-D142D181E5B5}.Debug|Any CPU.Build.0 = Debug|Any CPU
		{091CB4C6-E3FF-4A16-A2FA-D142D181E5B5}.Release|Any CPU.ActiveCfg = Release|Any CPU
		{091CB4C6-E3FF-4A16-A2FA-D142D181E5B5}.Release|Any CPU.Build.0 = Release|Any CPU
	EndGlobalSection
	GlobalSection(SolutionProperties) = preSolution
		HideSolutionNode = FALSE
	EndGlobalSection
	GlobalSection(ExtensibilityGlobals) = postSolution
		SolutionGuid = {4081643F-DF38-4CBA-85C6-A2E112C90144}
	EndGlobalSection
EndGlobal
